
Microsoft Visual Studio Solution File, Format Version 12.00
# Visual Studio Version 17
VisualStudioVersion = 17.0.31903.59
MinimumVisualStudioVersion = 10.0.40219.1
Project("{2150E333-8FDC-42A3-9474-1A3956D46DE8}") = "src", "src", "{E27954B4-CECF-4055-B1DE-E92D46C336DB}"
EndProject
Project("{FAE04EC0-301F-11D3-BF4B-00C04F79EFBC}") = "URLShortener.API", "src\URLShortener.API\URLShortener.API.csproj", "{60652BF2-6772-4758-A6CE-C8A246319E6E}"
EndProject
Project("{2150E333-8FDC-42A3-9474-1A3956D46DE8}") = "ui", "ui", "{BC16E10C-6049-49F5-9E84-85704AFF1B23}"
EndProject
Project("{FAE04EC0-301F-11D3-BF4B-00C04F79EFBC}") = "URLShortener.Blazor", "ui\URLShortener.Blazor\URLShortener.Blazor.csproj", "{E9A6968E-84AD-4D01-919A-DD4F0ED4F8A4}"
EndProject
Global
	GlobalSection(SolutionConfigurationPlatforms) = preSolution
		Debug|Any CPU = Debug|Any CPU
		Release|Any CPU = Release|Any CPU
	EndGlobalSection
	GlobalSection(ProjectConfigurationPlatforms) = postSolution
		{60652BF2-6772-4758-A6CE-C8A246319E6E}.Debug|Any CPU.ActiveCfg = Debug|Any CPU
		{60652BF2-6772-4758-A6CE-C8A246319E6E}.Debug|Any CPU.Build.0 = Debug|Any CPU
		{60652BF2-6772-4758-A6CE-C8A246319E6E}.Release|Any CPU.ActiveCfg = Release|Any CPU
		{60652BF2-6772-4758-A6CE-C8A246319E6E}.Release|Any CPU.Build.0 = Release|Any CPU
		{E9A6968E-84AD-4D01-919A-DD4F0ED4F8A4}.Debug|Any CPU.ActiveCfg = Debug|Any CPU
		{E9A6968E-84AD-4D01-919A-DD4F0ED4F8A4}.Debug|Any CPU.Build.0 = Debug|Any CPU
		{E9A6968E-84AD-4D01-919A-DD4F0ED4F8A4}.Release|Any CPU.ActiveCfg = Release|Any CPU
		{E9A6968E-84AD-4D01-919A-DD4F0ED4F8A4}.Release|Any CPU.Build.0 = Release|Any CPU
	EndGlobalSection
	GlobalSection(SolutionProperties) = preSolution
		HideSolutionNode = FALSE
	EndGlobalSection
	GlobalSection(NestedProjects) = preSolution
		{60652BF2-6772-4758-A6CE-C8A246319E6E} = {E27954B4-CECF-4055-B1DE-E92D46C336DB}
		{E9A6968E-84AD-4D01-919A-DD4F0ED4F8A4} = {BC16E10C-6049-49F5-9E84-85704AFF1B23}
	EndGlobalSection
EndGlobal
